// !$*UTF8*$!
{
	archiveVersion = 1;
	classes = {
	};
	objectVersion = 46;
	objects = {

/* Begin PBXBuildFile section */
		413BAC6E1C778B0B00567B86 /* ScoreViewController.swift in Sources */ = {isa = PBXBuildFile; fileRef = 413BAC6D1C778B0B00567B86 /* ScoreViewController.swift */; };
		417DE8B91C77AAED003BD78F /* HallOfFameViewController.swift in Sources */ = {isa = PBXBuildFile; fileRef = 417DE8B81C77AAED003BD78F /* HallOfFameViewController.swift */; };
		417DE8BB1C77B10A003BD78F /* RandomViewController.swift in Sources */ = {isa = PBXBuildFile; fileRef = 417DE8BA1C77B10A003BD78F /* RandomViewController.swift */; };
		418286A71C84AB2C00AF7EAD /* AppDelegate.swift in Sources */ = {isa = PBXBuildFile; fileRef = 41F65A9A1C6C7FFB00423E47 /* AppDelegate.swift */; };
		418286A81C84AB7C00AF7EAD /* ScoreViewController.swift in Sources */ = {isa = PBXBuildFile; fileRef = 413BAC6D1C778B0B00567B86 /* ScoreViewController.swift */; };
		418286A91C84C22D00AF7EAD /* findCage.xcdatamodeld in Sources */ = {isa = PBXBuildFile; fileRef = 41F65AA11C6C7FFC00423E47 /* findCage.xcdatamodeld */; };
		418286AA1C84C2EF00AF7EAD /* HallOfFameViewController.swift in Sources */ = {isa = PBXBuildFile; fileRef = 417DE8B81C77AAED003BD78F /* HallOfFameViewController.swift */; };
		41ED0B071C8F126E00CFA19C /* HomeViewController.swift in Sources */ = {isa = PBXBuildFile; fileRef = 41F65A9C1C6C7FFB00423E47 /* HomeViewController.swift */; };
		41ED0B081C8F126F00CFA19C /* HomeViewController.swift in Sources */ = {isa = PBXBuildFile; fileRef = 41F65A9C1C6C7FFB00423E47 /* HomeViewController.swift */; };
		41ED0B0B1C8F32AF00CFA19C /* Main.storyboard in Resources */ = {isa = PBXBuildFile; fileRef = 41ED0B091C8F32AF00CFA19C /* Main.storyboard */; };
		41F65A9B1C6C7FFB00423E47 /* AppDelegate.swift in Sources */ = {isa = PBXBuildFile; fileRef = 41F65A9A1C6C7FFB00423E47 /* AppDelegate.swift */; };
		41F65A9D1C6C7FFB00423E47 /* HomeViewController.swift in Sources */ = {isa = PBXBuildFile; fileRef = 41F65A9C1C6C7FFB00423E47 /* HomeViewController.swift */; };
		41F65AA31C6C7FFC00423E47 /* findCage.xcdatamodeld in Sources */ = {isa = PBXBuildFile; fileRef = 41F65AA11C6C7FFC00423E47 /* findCage.xcdatamodeld */; };
		41F65AA51C6C7FFC00423E47 /* Assets.xcassets in Resources */ = {isa = PBXBuildFile; fileRef = 41F65AA41C6C7FFC00423E47 /* Assets.xcassets */; };
		41F65AA81C6C7FFC00423E47 /* LaunchScreen.storyboard in Resources */ = {isa = PBXBuildFile; fileRef = 41F65AA61C6C7FFC00423E47 /* LaunchScreen.storyboard */; };
		41F65AB31C6C7FFC00423E47 /* findCageTests.swift in Sources */ = {isa = PBXBuildFile; fileRef = 41F65AB21C6C7FFC00423E47 /* findCageTests.swift */; };
		41F65ABE1C6C7FFC00423E47 /* findCageUITests.swift in Sources */ = {isa = PBXBuildFile; fileRef = 41F65ABD1C6C7FFC00423E47 /* findCageUITests.swift */; };
		41F65ACC1C6C83A100423E47 /* NormalViewController.swift in Sources */ = {isa = PBXBuildFile; fileRef = 41F65ACB1C6C83A100423E47 /* NormalViewController.swift */; };
/* End PBXBuildFile section */

/* Begin PBXContainerItemProxy section */
		41F65AAF1C6C7FFC00423E47 /* PBXContainerItemProxy */ = {
			isa = PBXContainerItemProxy;
			containerPortal = 41F65A8F1C6C7FFB00423E47 /* Project object */;
			proxyType = 1;
			remoteGlobalIDString = 41F65A961C6C7FFB00423E47;
			remoteInfo = findCage;
		};
		41F65ABA1C6C7FFC00423E47 /* PBXContainerItemProxy */ = {
			isa = PBXContainerItemProxy;
			containerPortal = 41F65A8F1C6C7FFB00423E47 /* Project object */;
			proxyType = 1;
			remoteGlobalIDString = 41F65A961C6C7FFB00423E47;
			remoteInfo = findCage;
		};
/* End PBXContainerItemProxy section */

/* Begin PBXFileReference section */
		413BAC6D1C778B0B00567B86 /* ScoreViewController.swift */ = {isa = PBXFileReference; fileEncoding = 4; lastKnownFileType = sourcecode.swift; path = ScoreViewController.swift; sourceTree = "<group>"; };
		417DE8B81C77AAED003BD78F /* HallOfFameViewController.swift */ = {isa = PBXFileReference; fileEncoding = 4; lastKnownFileType = sourcecode.swift; path = HallOfFameViewController.swift; sourceTree = "<group>"; };
		417DE8BA1C77B10A003BD78F /* RandomViewController.swift */ = {isa = PBXFileReference; fileEncoding = 4; lastKnownFileType = sourcecode.swift; path = RandomViewController.swift; sourceTree = "<group>"; };
		41ED0B0A1C8F32AF00CFA19C /* Base */ = {isa = PBXFileReference; lastKnownFileType = file.storyboard; name = Base; path = Base.lproj/Main.storyboard; sourceTree = "<group>"; };
		41F65A971C6C7FFB00423E47 /* findCage.app */ = {isa = PBXFileReference; explicitFileType = wrapper.application; includeInIndex = 0; path = findCage.app; sourceTree = BUILT_PRODUCTS_DIR; };
		41F65A9A1C6C7FFB00423E47 /* AppDelegate.swift */ = {isa = PBXFileReference; lastKnownFileType = sourcecode.swift; path = AppDelegate.swift; sourceTree = "<group>"; };
		41F65A9C1C6C7FFB00423E47 /* HomeViewController.swift */ = {isa = PBXFileReference; lastKnownFileType = sourcecode.swift; path = HomeViewController.swift; sourceTree = "<group>"; };
		41F65AA21C6C7FFC00423E47 /* findCage.xcdatamodel */ = {isa = PBXFileReference; lastKnownFileType = wrapper.xcdatamodel; path = findCage.xcdatamodel; sourceTree = "<group>"; };
		41F65AA41C6C7FFC00423E47 /* Assets.xcassets */ = {isa = PBXFileReference; lastKnownFileType = folder.assetcatalog; path = Assets.xcassets; sourceTree = "<group>"; };
		41F65AA71C6C7FFC00423E47 /* Base */ = {isa = PBXFileReference; lastKnownFileType = file.storyboard; name = Base; path = Base.lproj/LaunchScreen.storyboard; sourceTree = "<group>"; };
		41F65AA91C6C7FFC00423E47 /* Info.plist */ = {isa = PBXFileReference; lastKnownFileType = text.plist.xml; path = Info.plist; sourceTree = "<group>"; };
		41F65AAE1C6C7FFC00423E47 /* findCageTests.xctest */ = {isa = PBXFileReference; explicitFileType = wrapper.cfbundle; includeInIndex = 0; path = findCageTests.xctest; sourceTree = BUILT_PRODUCTS_DIR; };
		41F65AB21C6C7FFC00423E47 /* findCageTests.swift */ = {isa = PBXFileReference; lastKnownFileType = sourcecode.swift; path = findCageTests.swift; sourceTree = "<group>"; };
		41F65AB41C6C7FFC00423E47 /* Info.plist */ = {isa = PBXFileReference; lastKnownFileType = text.plist.xml; path = Info.plist; sourceTree = "<group>"; };
		41F65AB91C6C7FFC00423E47 /* findCageUITests.xctest */ = {isa = PBXFileReference; explicitFileType = wrapper.cfbundle; includeInIndex = 0; path = findCageUITests.xctest; sourceTree = BUILT_PRODUCTS_DIR; };
		41F65ABD1C6C7FFC00423E47 /* findCageUITests.swift */ = {isa = PBXFileReference; lastKnownFileType = sourcecode.swift; path = findCageUITests.swift; sourceTree = "<group>"; };
		41F65ABF1C6C7FFC00423E47 /* Info.plist */ = {isa = PBXFileReference; lastKnownFileType = text.plist.xml; path = Info.plist; sourceTree = "<group>"; };
		41F65ACB1C6C83A100423E47 /* NormalViewController.swift */ = {isa = PBXFileReference; fileEncoding = 4; lastKnownFileType = sourcecode.swift; path = NormalViewController.swift; sourceTree = "<group>"; };
/* End PBXFileReference section */

/* Begin PBXFrameworksBuildPhase section */
		41F65A941C6C7FFB00423E47 /* Frameworks */ = {
			isa = PBXFrameworksBuildPhase;
			buildActionMask = 2147483647;
			files = (
			);
			runOnlyForDeploymentPostprocessing = 0;
		};
		41F65AAB1C6C7FFC00423E47 /* Frameworks */ = {
			isa = PBXFrameworksBuildPhase;
			buildActionMask = 2147483647;
			files = (
			);
			runOnlyForDeploymentPostprocessing = 0;
		};
		41F65AB61C6C7FFC00423E47 /* Frameworks */ = {
			isa = PBXFrameworksBuildPhase;
			buildActionMask = 2147483647;
			files = (
			);
			runOnlyForDeploymentPostprocessing = 0;
		};
/* End PBXFrameworksBuildPhase section */

/* Begin PBXGroup section */
		41F65A8E1C6C7FFB00423E47 = {
			isa = PBXGroup;
			children = (
				41F65A991C6C7FFB00423E47 /* findCage */,
				41F65AB11C6C7FFC00423E47 /* findCageTests */,
				41F65ABC1C6C7FFC00423E47 /* findCageUITests */,
				41F65A981C6C7FFB00423E47 /* Products */,
			);
			sourceTree = "<group>";
		};
		41F65A981C6C7FFB00423E47 /* Products */ = {
			isa = PBXGroup;
			children = (
				41F65A971C6C7FFB00423E47 /* findCage.app */,
				41F65AAE1C6C7FFC00423E47 /* findCageTests.xctest */,
				41F65AB91C6C7FFC00423E47 /* findCageUITests.xctest */,
			);
			name = Products;
			sourceTree = "<group>";
		};
		41F65A991C6C7FFB00423E47 /* findCage */ = {
			isa = PBXGroup;
			children = (
				41F65A9A1C6C7FFB00423E47 /* AppDelegate.swift */,
				41F65A9C1C6C7FFB00423E47 /* HomeViewController.swift */,
				41F65ACB1C6C83A100423E47 /* NormalViewController.swift */,
				413BAC6D1C778B0B00567B86 /* ScoreViewController.swift */,
				417DE8B81C77AAED003BD78F /* HallOfFameViewController.swift */,
				417DE8BA1C77B10A003BD78F /* RandomViewController.swift */,
				41ED0B091C8F32AF00CFA19C /* Main.storyboard */,
				41F65AA41C6C7FFC00423E47 /* Assets.xcassets */,
				41F65AA61C6C7FFC00423E47 /* LaunchScreen.storyboard */,
				41F65AA91C6C7FFC00423E47 /* Info.plist */,
				41F65AA11C6C7FFC00423E47 /* findCage.xcdatamodeld */,
			);
			path = findCage;
			sourceTree = "<group>";
		};
		41F65AB11C6C7FFC00423E47 /* findCageTests */ = {
			isa = PBXGroup;
			children = (
				41F65AB21C6C7FFC00423E47 /* findCageTests.swift */,
				41F65AB41C6C7FFC00423E47 /* Info.plist */,
			);
			path = findCageTests;
			sourceTree = "<group>";
		};
		41F65ABC1C6C7FFC00423E47 /* findCageUITests */ = {
			isa = PBXGroup;
			children = (
				41F65ABD1C6C7FFC00423E47 /* findCageUITests.swift */,
				41F65ABF1C6C7FFC00423E47 /* Info.plist */,
			);
			path = findCageUITests;
			sourceTree = "<group>";
		};
/* End PBXGroup section */

/* Begin PBXNativeTarget section */
		41F65A961C6C7FFB00423E47 /* findCage */ = {
			isa = PBXNativeTarget;
			buildConfigurationList = 41F65AC21C6C7FFC00423E47 /* Build configuration list for PBXNativeTarget "findCage" */;
			buildPhases = (
				41F65A931C6C7FFB00423E47 /* Sources */,
				41F65A941C6C7FFB00423E47 /* Frameworks */,
				41F65A951C6C7FFB00423E47 /* Resources */,
			);
			buildRules = (
			);
			dependencies = (
			);
			name = findCage;
			productName = findCage;
			productReference = 41F65A971C6C7FFB00423E47 /* findCage.app */;
			productType = "com.apple.product-type.application";
		};
		41F65AAD1C6C7FFC00423E47 /* findCageTests */ = {
			isa = PBXNativeTarget;
			buildConfigurationList = 41F65AC51C6C7FFC00423E47 /* Build configuration list for PBXNativeTarget "findCageTests" */;
			buildPhases = (
				41F65AAA1C6C7FFC00423E47 /* Sources */,
				41F65AAB1C6C7FFC00423E47 /* Frameworks */,
				41F65AAC1C6C7FFC00423E47 /* Resources */,
			);
			buildRules = (
			);
			dependencies = (
				41F65AB01C6C7FFC00423E47 /* PBXTargetDependency */,
			);
			name = findCageTests;
			productName = findCageTests;
			productReference = 41F65AAE1C6C7FFC00423E47 /* findCageTests.xctest */;
			productType = "com.apple.product-type.bundle.unit-test";
		};
		41F65AB81C6C7FFC00423E47 /* findCageUITests */ = {
			isa = PBXNativeTarget;
			buildConfigurationList = 41F65AC81C6C7FFC00423E47 /* Build configuration list for PBXNativeTarget "findCageUITests" */;
			buildPhases = (
				41F65AB51C6C7FFC00423E47 /* Sources */,
				41F65AB61C6C7FFC00423E47 /* Frameworks */,
				41F65AB71C6C7FFC00423E47 /* Resources */,
			);
			buildRules = (
			);
			dependencies = (
				41F65ABB1C6C7FFC00423E47 /* PBXTargetDependency */,
			);
			name = findCageUITests;
			productName = findCageUITests;
			productReference = 41F65AB91C6C7FFC00423E47 /* findCageUITests.xctest */;
			productType = "com.apple.product-type.bundle.ui-testing";
		};
/* End PBXNativeTarget section */

/* Begin PBXProject section */
		41F65A8F1C6C7FFB00423E47 /* Project object */ = {
			isa = PBXProject;
			attributes = {
				LastSwiftUpdateCheck = 0720;
				LastUpgradeCheck = 0720;
				ORGANIZATIONNAME = Joffrey;
				TargetAttributes = {
					41F65A961C6C7FFB00423E47 = {
						CreatedOnToolsVersion = 7.2.1;
						DevelopmentTeam = Q97URM8CD9;
					};
					41F65AAD1C6C7FFC00423E47 = {
						CreatedOnToolsVersion = 7.2.1;
						DevelopmentTeam = Q97URM8CD9;
						TestTargetID = 41F65A961C6C7FFB00423E47;
					};
					41F65AB81C6C7FFC00423E47 = {
						CreatedOnToolsVersion = 7.2.1;
						DevelopmentTeam = Q97URM8CD9;
						TestTargetID = 41F65A961C6C7FFB00423E47;
					};
				};
			};
			buildConfigurationList = 41F65A921C6C7FFB00423E47 /* Build configuration list for PBXProject "findCage" */;
			compatibilityVersion = "Xcode 3.2";
			developmentRegion = English;
			hasScannedForEncodings = 0;
			knownRegions = (
				en,
				Base,
			);
			mainGroup = 41F65A8E1C6C7FFB00423E47;
			productRefGroup = 41F65A981C6C7FFB00423E47 /* Products */;
			projectDirPath = "";
			projectRoot = "";
			targets = (
				41F65A961C6C7FFB00423E47 /* findCage */,
				41F65AAD1C6C7FFC00423E47 /* findCageTests */,
				41F65AB81C6C7FFC00423E47 /* findCageUITests */,
			);
		};
/* End PBXProject section */

/* Begin PBXResourcesBuildPhase section */
		41F65A951C6C7FFB00423E47 /* Resources */ = {
			isa = PBXResourcesBuildPhase;
			buildActionMask = 2147483647;
			files = (
				41ED0B0B1C8F32AF00CFA19C /* Main.storyboard in Resources */,
				41F65AA81C6C7FFC00423E47 /* LaunchScreen.storyboard in Resources */,
				41F65AA51C6C7FFC00423E47 /* Assets.xcassets in Resources */,
			);
			runOnlyForDeploymentPostprocessing = 0;
		};
		41F65AAC1C6C7FFC00423E47 /* Resources */ = {
			isa = PBXResourcesBuildPhase;
			buildActionMask = 2147483647;
			files = (
			);
			runOnlyForDeploymentPostprocessing = 0;
		};
		41F65AB71C6C7FFC00423E47 /* Resources */ = {
			isa = PBXResourcesBuildPhase;
			buildActionMask = 2147483647;
			files = (
			);
			runOnlyForDeploymentPostprocessing = 0;
		};
/* End PBXResourcesBuildPhase section */

/* Begin PBXSourcesBuildPhase section */
		41F65A931C6C7FFB00423E47 /* Sources */ = {
			isa = PBXSourcesBuildPhase;
			buildActionMask = 2147483647;
			files = (
				41F65AA31C6C7FFC00423E47 /* findCage.xcdatamodeld in Sources */,
				417DE8B91C77AAED003BD78F /* HallOfFameViewController.swift in Sources */,
				41F65ACC1C6C83A100423E47 /* NormalViewController.swift in Sources */,
				417DE8BB1C77B10A003BD78F /* RandomViewController.swift in Sources */,
				413BAC6E1C778B0B00567B86 /* ScoreViewController.swift in Sources */,
				41F65A9D1C6C7FFB00423E47 /* HomeViewController.swift in Sources */,
				41F65A9B1C6C7FFB00423E47 /* AppDelegate.swift in Sources */,
			);
			runOnlyForDeploymentPostprocessing = 0;
		};
		41F65AAA1C6C7FFC00423E47 /* Sources */ = {
			isa = PBXSourcesBuildPhase;
			buildActionMask = 2147483647;
			files = (
				418286A71C84AB2C00AF7EAD /* AppDelegate.swift in Sources */,
				41F65AB31C6C7FFC00423E47 /* findCageTests.swift in Sources */,
				418286AA1C84C2EF00AF7EAD /* HallOfFameViewController.swift in Sources */,
				418286A91C84C22D00AF7EAD /* findCage.xcdatamodeld in Sources */,
				418286A81C84AB7C00AF7EAD /* ScoreViewController.swift in Sources */,
				41ED0B071C8F126E00CFA19C /* HomeViewController.swift in Sources */,
			);
			runOnlyForDeploymentPostprocessing = 0;
		};
		41F65AB51C6C7FFC00423E47 /* Sources */ = {
			isa = PBXSourcesBuildPhase;
			buildActionMask = 2147483647;
			files = (
				41F65ABE1C6C7FFC00423E47 /* findCageUITests.swift in Sources */,
				41ED0B081C8F126F00CFA19C /* HomeViewController.swift in Sources */,
			);
			runOnlyForDeploymentPostprocessing = 0;
		};
/* End PBXSourcesBuildPhase section */

/* Begin PBXTargetDependency section */
		41F65AB01C6C7FFC00423E47 /* PBXTargetDependency */ = {
			isa = PBXTargetDependency;
			target = 41F65A961C6C7FFB00423E47 /* findCage */;
			targetProxy = 41F65AAF1C6C7FFC00423E47 /* PBXContainerItemProxy */;
		};
		41F65ABB1C6C7FFC00423E47 /* PBXTargetDependency */ = {
			isa = PBXTargetDependency;
			target = 41F65A961C6C7FFB00423E47 /* findCage */;
			targetProxy = 41F65ABA1C6C7FFC00423E47 /* PBXContainerItemProxy */;
		};
/* End PBXTargetDependency section */

/* Begin PBXVariantGroup section */
		41ED0B091C8F32AF00CFA19C /* Main.storyboard */ = {
			isa = PBXVariantGroup;
			children = (
				41ED0B0A1C8F32AF00CFA19C /* Base */,
			);
			name = Main.storyboard;
			sourceTree = "<group>";
		};
		41F65AA61C6C7FFC00423E47 /* LaunchScreen.storyboard */ = {
			isa = PBXVariantGroup;
			children = (
				41F65AA71C6C7FFC00423E47 /* Base */,
			);
			name = LaunchScreen.storyboard;
			sourceTree = "<group>";
		};
/* End PBXVariantGroup section */

/* Begin XCBuildConfiguration section */
		41F65AC01C6C7FFC00423E47 /* Debug */ = {
			isa = XCBuildConfiguration;
			buildSettings = {
				ALWAYS_SEARCH_USER_PATHS = NO;
				CLANG_CXX_LANGUAGE_STANDARD = "gnu++0x";
				CLANG_CXX_LIBRARY = "libc++";
				CLANG_ENABLE_MODULES = YES;
				CLANG_ENABLE_OBJC_ARC = YES;
				CLANG_WARN_BOOL_CONVERSION = YES;
				CLANG_WARN_CONSTANT_CONVERSION = YES;
				CLANG_WARN_DIRECT_OBJC_ISA_USAGE = YES_ERROR;
				CLANG_WARN_EMPTY_BODY = YES;
				CLANG_WARN_ENUM_CONVERSION = YES;
				CLANG_WARN_INT_CONVERSION = YES;
				CLANG_WARN_OBJC_ROOT_CLASS = YES_ERROR;
				CLANG_WARN_UNREACHABLE_CODE = YES;
				CLANG_WARN__DUPLICATE_METHOD_MATCH = YES;
				"CODE_SIGN_IDENTITY[sdk=iphoneos*]" = "iPhone Developer";
				COPY_PHASE_STRIP = NO;
				DEBUG_INFORMATION_FORMAT = dwarf;
				ENABLE_STRICT_OBJC_MSGSEND = YES;
				ENABLE_TESTABILITY = YES;
				GCC_C_LANGUAGE_STANDARD = gnu99;
				GCC_DYNAMIC_NO_PIC = NO;
				GCC_NO_COMMON_BLOCKS = YES;
				GCC_OPTIMIZATION_LEVEL = 0;
				GCC_PREPROCESSOR_DEFINITIONS = (
					"DEBUG=1",
					"$(inherited)",
				);
				GCC_WARN_64_TO_32_BIT_CONVERSION = YES;
				GCC_WARN_ABOUT_RETURN_TYPE = YES_ERROR;
				GCC_WARN_UNDECLARED_SELECTOR = YES;
				GCC_WARN_UNINITIALIZED_AUTOS = YES_AGGRESSIVE;
				GCC_WARN_UNUSED_FUNCTION = YES;
				GCC_WARN_UNUSED_VARIABLE = YES;
				IPHONEOS_DEPLOYMENT_TARGET = 9.2;
				MTL_ENABLE_DEBUG_INFO = YES;
				ONLY_ACTIVE_ARCH = YES;
				SDKROOT = iphoneos;
				SWIFT_OPTIMIZATION_LEVEL = "-Onone";
			};
			name = Debug;
		};
		41F65AC11C6C7FFC00423E47 /* Release */ = {
			isa = XCBuildConfiguration;
			buildSettings = {
				ALWAYS_SEARCH_USER_PATHS = NO;
				CLANG_CXX_LANGUAGE_STANDARD = "gnu++0x";
				CLANG_CXX_LIBRARY = "libc++";
				CLANG_ENABLE_MODULES = YES;
				CLANG_ENABLE_OBJC_ARC = YES;
				CLANG_WARN_BOOL_CONVERSION = YES;
				CLANG_WARN_CONSTANT_CONVERSION = YES;
				CLANG_WARN_DIRECT_OBJC_ISA_USAGE = YES_ERROR;
				CLANG_WARN_EMPTY_BODY = YES;
				CLANG_WARN_ENUM_CONVERSION = YES;
				CLANG_WARN_INT_CONVERSION = YES;
				CLANG_WARN_OBJC_ROOT_CLASS = YES_ERROR;
				CLANG_WARN_UNREACHABLE_CODE = YES;
				CLANG_WARN__DUPLICATE_METHOD_MATCH = YES;
				"CODE_SIGN_IDENTITY[sdk=iphoneos*]" = "iPhone Developer";
				COPY_PHASE_STRIP = NO;
				DEBUG_INFORMATION_FORMAT = "dwarf-with-dsym";
				ENABLE_NS_ASSERTIONS = NO;
				ENABLE_STRICT_OBJC_MSGSEND = YES;
				GCC_C_LANGUAGE_STANDARD = gnu99;
				GCC_NO_COMMON_BLOCKS = YES;
				GCC_WARN_64_TO_32_BIT_CONVERSION = YES;
				GCC_WARN_ABOUT_RETURN_TYPE = YES_ERROR;
				GCC_WARN_UNDECLARED_SELECTOR = YES;
				GCC_WARN_UNINITIALIZED_AUTOS = YES_AGGRESSIVE;
				GCC_WARN_UNUSED_FUNCTION = YES;
				GCC_WARN_UNUSED_VARIABLE = YES;
				IPHONEOS_DEPLOYMENT_TARGET = 9.2;
				MTL_ENABLE_DEBUG_INFO = NO;
				SDKROOT = iphoneos;
				VALIDATE_PRODUCT = YES;
			};
			name = Release;
		};
		41F65AC31C6C7FFC00423E47 /* Debug */ = {
			isa = XCBuildConfiguration;
			buildSettings = {
				ASSETCATALOG_COMPILER_APPICON_NAME = AppIcon;
				CODE_SIGN_IDENTITY = "iPhone Developer";
				INFOPLIST_FILE = findCage/Info.plist;
				IPHONEOS_DEPLOYMENT_TARGET = 9.2;
				LD_RUNPATH_SEARCH_PATHS = "$(inherited) @executable_path/Frameworks";
				PRODUCT_BUNDLE_IDENTIFIER = com.joffreyouttier.findCage;
				PRODUCT_NAME = "$(TARGET_NAME)";
			};
			name = Debug;
		};
		41F65AC41C6C7FFC00423E47 /* Release */ = {
			isa = XCBuildConfiguration;
			buildSettings = {
				ASSETCATALOG_COMPILER_APPICON_NAME = AppIcon;
				CODE_SIGN_IDENTITY = "iPhone Developer";
				INFOPLIST_FILE = findCage/Info.plist;
				IPHONEOS_DEPLOYMENT_TARGET = 9.2;
				LD_RUNPATH_SEARCH_PATHS = "$(inherited) @executable_path/Frameworks";
				PRODUCT_BUNDLE_IDENTIFIER = com.joffreyouttier.findCage;
				PRODUCT_NAME = "$(TARGET_NAME)";
			};
			name = Release;
		};
		41F65AC61C6C7FFC00423E47 /* Debug */ = {
			isa = XCBuildConfiguration;
			buildSettings = {
				BUNDLE_LOADER = "$(TEST_HOST)";
				INFOPLIST_FILE = findCageTests/Info.plist;
				LD_RUNPATH_SEARCH_PATHS = "$(inherited) @executable_path/Frameworks @loader_path/Frameworks";
				PRODUCT_BUNDLE_IDENTIFIER = com.joffreyouttier.findCageTests;
				PRODUCT_NAME = "$(TARGET_NAME)";
				TEST_HOST = "$(BUILT_PRODUCTS_DIR)/findCage.app/findCage";
			};
			name = Debug;
		};
		41F65AC71C6C7FFC00423E47 /* Release */ = {
			isa = XCBuildConfiguration;
			buildSettings = {
				BUNDLE_LOADER = "$(TEST_HOST)";
				INFOPLIST_FILE = findCageTests/Info.plist;
				LD_RUNPATH_SEARCH_PATHS = "$(inherited) @executable_path/Frameworks @loader_path/Frameworks";
				PRODUCT_BUNDLE_IDENTIFIER = com.joffreyouttier.findCageTests;
				PRODUCT_NAME = "$(TARGET_NAME)";
				TEST_HOST = "$(BUILT_PRODUCTS_DIR)/findCage.app/findCage";
			};
			name = Release;
		};
		41F65AC91C6C7FFC00423E47 /* Debug */ = {
			isa = XCBuildConfiguration;
			buildSettings = {
				INFOPLIST_FILE = findCageUITests/Info.plist;
				LD_RUNPATH_SEARCH_PATHS = "$(inherited) @executable_path/Frameworks @loader_path/Frameworks";
				PRODUCT_BUNDLE_IDENTIFIER = com.joffreyouttier.findCageUITests;
				PRODUCT_NAME = "$(TARGET_NAME)";
				TEST_TARGET_NAME = findCage;
				USES_XCTRUNNER = YES;
			};
			name = Debug;
		};
		41F65ACA1C6C7FFC00423E47 /* Release */ = {
			isa = XCBuildConfiguration;
			buildSettings = {
				INFOPLIST_FILE = findCageUITests/Info.plist;
				LD_RUNPATH_SEARCH_PATHS = "$(inherited) @executable_path/Frameworks @loader_path/Frameworks";
				PRODUCT_BUNDLE_IDENTIFIER = com.joffreyouttier.findCageUITests;
				PRODUCT_NAME = "$(TARGET_NAME)";
				TEST_TARGET_NAME = findCage;
				USES_XCTRUNNER = YES;
			};
			name = Release;
		};
/* End XCBuildConfiguration section */

/* Begin XCConfigurationList section */
		41F65A921C6C7FFB00423E47 /* Build configuration list for PBXProject "findCage" */ = {
			isa = XCConfigurationList;
			buildConfigurations = (
				41F65AC01C6C7FFC00423E47 /* Debug */,
				41F65AC11C6C7FFC00423E47 /* Release */,
			);
			defaultConfigurationIsVisible = 0;
			defaultConfigurationName = Release;
		};
		41F65AC21C6C7FFC00423E47 /* Build configuration list for PBXNativeTarget "findCage" */ = {
			isa = XCConfigurationList;
			buildConfigurations = (
				41F65AC31C6C7FFC00423E47 /* Debug */,
				41F65AC41C6C7FFC00423E47 /* Release */,
			);
			defaultConfigurationIsVisible = 0;
			defaultConfigurationName = Release;
		};
		41F65AC51C6C7FFC00423E47 /* Build configuration list for PBXNativeTarget "findCageTests" */ = {
			isa = XCConfigurationList;
			buildConfigurations = (
				41F65AC61C6C7FFC00423E47 /* Debug */,
				41F65AC71C6C7FFC00423E47 /* Release */,
			);
			defaultConfigurationIsVisible = 0;
			defaultConfigurationName = Release;
		};
		41F65AC81C6C7FFC00423E47 /* Build configuration list for PBXNativeTarget "findCageUITests" */ = {
			isa = XCConfigurationList;
			buildConfigurations = (
				41F65AC91C6C7FFC00423E47 /* Debug */,
				41F65ACA1C6C7FFC00423E47 /* Release */,
			);
			defaultConfigurationIsVisible = 0;
			defaultConfigurationName = Release;
		};
/* End XCConfigurationList section */

/* Begin XCVersionGroup section */
		41F65AA11C6C7FFC00423E47 /* findCage.xcdatamodeld */ = {
			isa = XCVersionGroup;
			children = (
				41F65AA21C6C7FFC00423E47 /* findCage.xcdatamodel */,
			);
			currentVersion = 41F65AA21C6C7FFC00423E47 /* findCage.xcdatamodel */;
			path = findCage.xcdatamodeld;
			sourceTree = "<group>";
			versionGroupType = wrapper.xcdatamodel;
		};
/* End XCVersionGroup section */
	};
	rootObject = 41F65A8F1C6C7FFB00423E47 /* Project object */;
}
